
Microsoft Visual Studio Solution File, Format Version 12.00
# Visual Studio Version 17
VisualStudioVersion = 17.5.002.0
MinimumVisualStudioVersion = 10.0.40219.1
Project("{9A19103F-16F7-4668-BE54-9A1E7A4F7556}") = "introApp", "GameStore\introApp.csproj", "{EB522BB5-F78D-4FCE-8DA6-8284FC29A774}"
EndProject
Project("{9A19103F-16F7-4668-BE54-9A1E7A4F7556}") = "GameStoreTest", "GameStoreTest\GameStoreTest.csproj", "{1C4C0D06-011A-49D3-A13E-4E474F6D7AB2}"
EndProject
Global
	GlobalSection(SolutionConfigurationPlatforms) = preSolution
		Debug|Any CPU = Debug|Any CPU
		Release|Any CPU = Release|Any CPU
	EndGlobalSection
	GlobalSection(ProjectConfigurationPlatforms) = postSolution
		{EB522BB5-F78D-4FCE-8DA6-8284FC29A774}.Debug|Any CPU.ActiveCfg = Debug|Any CPU
		{EB522BB5-F78D-4FCE-8DA6-8284FC29A774}.Debug|Any CPU.Build.0 = Debug|Any CPU
		{EB522BB5-F78D-4FCE-8DA6-8284FC29A774}.Release|Any CPU.ActiveCfg = Release|Any CPU
		{EB522BB5-F78D-4FCE-8DA6-8284FC29A774}.Release|Any CPU.Build.0 = Release|Any CPU
		{1C4C0D06-011A-49D3-A13E-4E474F6D7AB2}.Debug|Any CPU.ActiveCfg = Debug|Any CPU
		{1C4C0D06-011A-49D3-A13E-4E474F6D7AB2}.Debug|Any CPU.Build.0 = Debug|Any CPU
		{1C4C0D06-011A-49D3-A13E-4E474F6D7AB2}.Release|Any CPU.ActiveCfg = Release|Any CPU
		{1C4C0D06-011A-49D3-A13E-4E474F6D7AB2}.Release|Any CPU.Build.0 = Release|Any CPU
	EndGlobalSection
	GlobalSection(SolutionProperties) = preSolution
		HideSolutionNode = FALSE
	EndGlobalSection
	GlobalSection(ExtensibilityGlobals) = postSolution
		SolutionGuid = {BD4205E6-D9B4-40D2-B797-5B6072EF6420}
	EndGlobalSection
EndGlobal
